// !$*UTF8*$!
{
	archiveVersion = 1;
	classes = {
	};
	objectVersion = 54;
	objects = {

/* Begin PBXBuildFile section */
		290FB45E2AFB270D00249D58 /* ZIPFoundation.xcframework in Frameworks */ = {isa = PBXBuildFile; fileRef = 290FB45D2AFB270D00249D58 /* ZIPFoundation.xcframework */; };
		290FB45F2AFB270D00249D58 /* ZIPFoundation.xcframework in Embed Frameworks */ = {isa = PBXBuildFile; fileRef = 290FB45D2AFB270D00249D58 /* ZIPFoundation.xcframework */; settings = {ATTRIBUTES = (CodeSignOnCopy, RemoveHeadersOnCopy, ); }; };
		290FB4602AFB271C00249D58 /* ZIPFoundation.xcframework in Frameworks */ = {isa = PBXBuildFile; fileRef = 290FB45D2AFB270D00249D58 /* ZIPFoundation.xcframework */; };
		98ABFD461AD3A047005534F0 /* Main.storyboard in Resources */ = {isa = PBXBuildFile; fileRef = 98ABFD441AD3A047005534F0 /* Main.storyboard */; };
		98ABFD481AD3A047005534F0 /* Images.xcassets in Resources */ = {isa = PBXBuildFile; fileRef = 98ABFD471AD3A047005534F0 /* Images.xcassets */; };
		98ABFD4B1AD3A047005534F0 /* LaunchScreen.xib in Resources */ = {isa = PBXBuildFile; fileRef = 98ABFD491AD3A047005534F0 /* LaunchScreen.xib */; };
		98ABFD951AD3A232005534F0 /* SWKeyboard.appex in Embed App Extensions */ = {isa = PBXBuildFile; fileRef = 98ABFD8C1AD3A232005534F0 /* SWKeyboard.appex */; settings = {ATTRIBUTES = (RemoveHeadersOnCopy, ); }; };
		C0324B871F87245200AF3785 /* AppDelegate.swift in Sources */ = {isa = PBXBuildFile; fileRef = C0324B861F87245200AF3785 /* AppDelegate.swift */; };
		C0324B891F87245B00AF3785 /* ViewController.swift in Sources */ = {isa = PBXBuildFile; fileRef = C0324B881F87245B00AF3785 /* ViewController.swift */; };
		C045148D1F85E33300D88416 /* KeyboardViewController.swift in Sources */ = {isa = PBXBuildFile; fileRef = C045148C1F85E33300D88416 /* KeyboardViewController.swift */; };
		CEBD33D32654CB6A00EB2EA8 /* KeymanEngine.xcframework in Frameworks */ = {isa = PBXBuildFile; fileRef = CEBD33D22654CB6A00EB2EA8 /* KeymanEngine.xcframework */; };
		CEBD33D42654CB6A00EB2EA8 /* KeymanEngine.xcframework in Embed Frameworks */ = {isa = PBXBuildFile; fileRef = CEBD33D22654CB6A00EB2EA8 /* KeymanEngine.xcframework */; settings = {ATTRIBUTES = (CodeSignOnCopy, RemoveHeadersOnCopy, ); }; };
		CEBD33D82654CB7800EB2EA8 /* DeviceKit.xcframework in Frameworks */ = {isa = PBXBuildFile; fileRef = CEBD33D72654CB7800EB2EA8 /* DeviceKit.xcframework */; };
		CEBD33D92654CB7800EB2EA8 /* DeviceKit.xcframework in Embed Frameworks */ = {isa = PBXBuildFile; fileRef = CEBD33D72654CB7800EB2EA8 /* DeviceKit.xcframework */; settings = {ATTRIBUTES = (CodeSignOnCopy, RemoveHeadersOnCopy, ); }; };
		CEBD33E22654CB8700EB2EA8 /* Reachability.xcframework in Frameworks */ = {isa = PBXBuildFile; fileRef = CEBD33DC2654CB8700EB2EA8 /* Reachability.xcframework */; };
		CEBD33E32654CB8700EB2EA8 /* Reachability.xcframework in Embed Frameworks */ = {isa = PBXBuildFile; fileRef = CEBD33DC2654CB8700EB2EA8 /* Reachability.xcframework */; settings = {ATTRIBUTES = (CodeSignOnCopy, RemoveHeadersOnCopy, ); }; };
		CEBD33E62654CB8800EB2EA8 /* Sentry.xcframework in Frameworks */ = {isa = PBXBuildFile; fileRef = CEBD33DE2654CB8700EB2EA8 /* Sentry.xcframework */; };
		CEBD33E72654CB8800EB2EA8 /* Sentry.xcframework in Embed Frameworks */ = {isa = PBXBuildFile; fileRef = CEBD33DE2654CB8700EB2EA8 /* Sentry.xcframework */; settings = {ATTRIBUTES = (CodeSignOnCopy, RemoveHeadersOnCopy, ); }; };
		CEBEFB94231FB4E000F8F67C /* banner-portrait-text.png in Resources */ = {isa = PBXBuildFile; fileRef = CEBEFB92231FB4DF00F8F67C /* banner-portrait-text.png */; };
		CEBEFB95231FB4E000F8F67C /* banner-landscape-text.png in Resources */ = {isa = PBXBuildFile; fileRef = CEBEFB93231FB4DF00F8F67C /* banner-landscape-text.png */; };
		CED2AC8D260B07CF00A408D2 /* ekwtamil99uni.kmp in Resources */ = {isa = PBXBuildFile; fileRef = CED2AC8C260B07CF00A408D2 /* ekwtamil99uni.kmp */; };
		CEDB3276265C953A000A2009 /* KeymanEngine.xcframework in Frameworks */ = {isa = PBXBuildFile; fileRef = CEBD33D22654CB6A00EB2EA8 /* KeymanEngine.xcframework */; };
		CEDB3277265C953A000A2009 /* KeymanEngine.xcframework in Embed Frameworks */ = {isa = PBXBuildFile; fileRef = CEBD33D22654CB6A00EB2EA8 /* KeymanEngine.xcframework */; settings = {ATTRIBUTES = (RemoveHeadersOnCopy, ); }; };
		CEDB3279265C9B15000A2009 /* DeviceKit.xcframework in Frameworks */ = {isa = PBXBuildFile; fileRef = CEBD33D72654CB7800EB2EA8 /* DeviceKit.xcframework */; };
		CEDB327B265C9B33000A2009 /* Reachability.xcframework in Frameworks */ = {isa = PBXBuildFile; fileRef = CEBD33DC2654CB8700EB2EA8 /* Reachability.xcframework */; };
		CEDB327C265C9B33000A2009 /* Sentry.xcframework in Frameworks */ = {isa = PBXBuildFile; fileRef = CEBD33DE2654CB8700EB2EA8 /* Sentry.xcframework */; };
/* End PBXBuildFile section */

/* Begin PBXContainerItemProxy section */
		98ABFD931AD3A232005534F0 /* PBXContainerItemProxy */ = {
			isa = PBXContainerItemProxy;
			containerPortal = 98ABFD2F1AD3A046005534F0 /* Project object */;
			proxyType = 1;
			remoteGlobalIDString = 98ABFD8B1AD3A232005534F0;
			remoteInfo = SWKeyboard;
		};
/* End PBXContainerItemProxy section */

/* Begin PBXCopyFilesBuildPhase section */
		98ABFD991AD3A232005534F0 /* Embed App Extensions */ = {
			isa = PBXCopyFilesBuildPhase;
			buildActionMask = 2147483647;
			dstPath = "";
			dstSubfolderSpec = 13;
			files = (
				98ABFD951AD3A232005534F0 /* SWKeyboard.appex in Embed App Extensions */,
			);
			name = "Embed App Extensions";
			runOnlyForDeploymentPostprocessing = 0;
		};
		CEBD33D52654CB6A00EB2EA8 /* Embed Frameworks */ = {
			isa = PBXCopyFilesBuildPhase;
			buildActionMask = 2147483647;
			dstPath = "";
			dstSubfolderSpec = 10;
			files = (
				CEBD33E32654CB8700EB2EA8 /* Reachability.xcframework in Embed Frameworks */,
				290FB45F2AFB270D00249D58 /* ZIPFoundation.xcframework in Embed Frameworks */,
				CEBD33E72654CB8800EB2EA8 /* Sentry.xcframework in Embed Frameworks */,
				CEBD33D92654CB7800EB2EA8 /* DeviceKit.xcframework in Embed Frameworks */,
				CEBD33D42654CB6A00EB2EA8 /* KeymanEngine.xcframework in Embed Frameworks */,
			);
			name = "Embed Frameworks";
			runOnlyForDeploymentPostprocessing = 0;
		};
		CEDB3278265C953B000A2009 /* Embed Frameworks */ = {
			isa = PBXCopyFilesBuildPhase;
			buildActionMask = 2147483647;
			dstPath = "";
			dstSubfolderSpec = 10;
			files = (
				CEDB3277265C953A000A2009 /* KeymanEngine.xcframework in Embed Frameworks */,
			);
			name = "Embed Frameworks";
			runOnlyForDeploymentPostprocessing = 0;
		};
/* End PBXCopyFilesBuildPhase section */

/* Begin PBXFileReference section */
		290FB45D2AFB270D00249D58 /* ZIPFoundation.xcframework */ = {isa = PBXFileReference; lastKnownFileType = wrapper.xcframework; name = ZIPFoundation.xcframework; path = ../../Carthage/Build/ZIPFoundation.xcframework; sourceTree = "<group>"; };
		98ABFD371AD3A047005534F0 /* KMSample2.app */ = {isa = PBXFileReference; explicitFileType = wrapper.application; includeInIndex = 0; path = KMSample2.app; sourceTree = BUILT_PRODUCTS_DIR; };
		98ABFD3B1AD3A047005534F0 /* Info.plist */ = {isa = PBXFileReference; lastKnownFileType = text.plist.xml; path = Info.plist; sourceTree = "<group>"; };
		98ABFD451AD3A047005534F0 /* Base */ = {isa = PBXFileReference; lastKnownFileType = file.storyboard; name = Base; path = Base.lproj/Main.storyboard; sourceTree = "<group>"; };
		98ABFD471AD3A047005534F0 /* Images.xcassets */ = {isa = PBXFileReference; lastKnownFileType = folder.assetcatalog; path = Images.xcassets; sourceTree = "<group>"; };
		98ABFD4A1AD3A047005534F0 /* Base */ = {isa = PBXFileReference; lastKnownFileType = file.xib; name = Base; path = Base.lproj/LaunchScreen.xib; sourceTree = "<group>"; };
		98ABFD8C1AD3A232005534F0 /* SWKeyboard.appex */ = {isa = PBXFileReference; explicitFileType = "wrapper.app-extension"; includeInIndex = 0; path = SWKeyboard.appex; sourceTree = BUILT_PRODUCTS_DIR; };
		98ABFD8F1AD3A232005534F0 /* Info.plist */ = {isa = PBXFileReference; lastKnownFileType = text.plist.xml; path = Info.plist; sourceTree = "<group>"; };
		98ABFDA41AD3A363005534F0 /* SWKeyboard.entitlements */ = {isa = PBXFileReference; lastKnownFileType = text.xml; path = SWKeyboard.entitlements; sourceTree = "<group>"; };
		98ABFDA51AD3A388005534F0 /* KMSample2.entitlements */ = {isa = PBXFileReference; lastKnownFileType = text.xml; path = KMSample2.entitlements; sourceTree = "<group>"; };
		C0324B861F87245200AF3785 /* AppDelegate.swift */ = {isa = PBXFileReference; lastKnownFileType = sourcecode.swift; path = AppDelegate.swift; sourceTree = "<group>"; };
		C0324B881F87245B00AF3785 /* ViewController.swift */ = {isa = PBXFileReference; lastKnownFileType = sourcecode.swift; path = ViewController.swift; sourceTree = "<group>"; };
		C045148C1F85E33300D88416 /* KeyboardViewController.swift */ = {isa = PBXFileReference; lastKnownFileType = sourcecode.swift; path = KeyboardViewController.swift; sourceTree = "<group>"; };
		CEBD33D22654CB6A00EB2EA8 /* KeymanEngine.xcframework */ = {isa = PBXFileReference; lastKnownFileType = wrapper.xcframework; path = KeymanEngine.xcframework; sourceTree = "<group>"; };
		CEBD33D72654CB7800EB2EA8 /* DeviceKit.xcframework */ = {isa = PBXFileReference; lastKnownFileType = wrapper.xcframework; name = DeviceKit.xcframework; path = ../../Carthage/Build/DeviceKit.xcframework; sourceTree = "<group>"; };
		CEBD33DC2654CB8700EB2EA8 /* Reachability.xcframework */ = {isa = PBXFileReference; lastKnownFileType = wrapper.xcframework; name = Reachability.xcframework; path = ../../Carthage/Build/Reachability.xcframework; sourceTree = "<group>"; };
		CEBD33DE2654CB8700EB2EA8 /* Sentry.xcframework */ = {isa = PBXFileReference; lastKnownFileType = wrapper.xcframework; name = Sentry.xcframework; path = ../../Carthage/Build/Sentry.xcframework; sourceTree = "<group>"; };
		CEBEFB92231FB4DF00F8F67C /* banner-portrait-text.png */ = {isa = PBXFileReference; lastKnownFileType = image.png; path = "banner-portrait-text.png"; sourceTree = "<group>"; };
		CEBEFB93231FB4DF00F8F67C /* banner-landscape-text.png */ = {isa = PBXFileReference; lastKnownFileType = image.png; path = "banner-landscape-text.png"; sourceTree = "<group>"; };
		CED2AC8C260B07CF00A408D2 /* ekwtamil99uni.kmp */ = {isa = PBXFileReference; lastKnownFileType = file; path = ekwtamil99uni.kmp; sourceTree = "<group>"; };
/* End PBXFileReference section */

/* Begin PBXFrameworksBuildPhase section */
		98ABFD341AD3A047005534F0 /* Frameworks */ = {
			isa = PBXFrameworksBuildPhase;
			buildActionMask = 2147483647;
			files = (
				CEBD33E22654CB8700EB2EA8 /* Reachability.xcframework in Frameworks */,
				290FB45E2AFB270D00249D58 /* ZIPFoundation.xcframework in Frameworks */,
				CEBD33E62654CB8800EB2EA8 /* Sentry.xcframework in Frameworks */,
				CEBD33D82654CB7800EB2EA8 /* DeviceKit.xcframework in Frameworks */,
				CEBD33D32654CB6A00EB2EA8 /* KeymanEngine.xcframework in Frameworks */,
			);
			runOnlyForDeploymentPostprocessing = 0;
		};
		98ABFD891AD3A232005534F0 /* Frameworks */ = {
			isa = PBXFrameworksBuildPhase;
			buildActionMask = 2147483647;
			files = (
				CEDB327B265C9B33000A2009 /* Reachability.xcframework in Frameworks */,
				290FB4602AFB271C00249D58 /* ZIPFoundation.xcframework in Frameworks */,
				CEDB327C265C9B33000A2009 /* Sentry.xcframework in Frameworks */,
				CEDB3279265C9B15000A2009 /* DeviceKit.xcframework in Frameworks */,
				CEDB3276265C953A000A2009 /* KeymanEngine.xcframework in Frameworks */,
			);
			runOnlyForDeploymentPostprocessing = 0;
		};
/* End PBXFrameworksBuildPhase section */

/* Begin PBXGroup section */
		98ABFD2E1AD3A046005534F0 = {
			isa = PBXGroup;
			children = (
				98ABFD601AD3A087005534F0 /* Frameworks */,
				98ABFD611AD3A09E005534F0 /* Keyboards */,
				98ABFD391AD3A047005534F0 /* KMSample2 */,
				98ABFD381AD3A047005534F0 /* Products */,
				98ABFD8D1AD3A232005534F0 /* SWKeyboard */,
			);
			sourceTree = "<group>";
		};
		98ABFD381AD3A047005534F0 /* Products */ = {
			isa = PBXGroup;
			children = (
				98ABFD371AD3A047005534F0 /* KMSample2.app */,
				98ABFD8C1AD3A232005534F0 /* SWKeyboard.appex */,
			);
			name = Products;
			sourceTree = "<group>";
		};
		98ABFD391AD3A047005534F0 /* KMSample2 */ = {
			isa = PBXGroup;
			children = (
				98ABFDA51AD3A388005534F0 /* KMSample2.entitlements */,
				C0324B861F87245200AF3785 /* AppDelegate.swift */,
				C0324B881F87245B00AF3785 /* ViewController.swift */,
				98ABFD441AD3A047005534F0 /* Main.storyboard */,
				98ABFD471AD3A047005534F0 /* Images.xcassets */,
				98ABFD491AD3A047005534F0 /* LaunchScreen.xib */,
				98ABFD3A1AD3A047005534F0 /* Supporting Files */,
			);
			path = KMSample2;
			sourceTree = "<group>";
		};
		98ABFD3A1AD3A047005534F0 /* Supporting Files */ = {
			isa = PBXGroup;
			children = (
				98ABFD3B1AD3A047005534F0 /* Info.plist */,
			);
			name = "Supporting Files";
			sourceTree = "<group>";
		};
		98ABFD601AD3A087005534F0 /* Frameworks */ = {
			isa = PBXGroup;
			children = (
				290FB45D2AFB270D00249D58 /* ZIPFoundation.xcframework */,
				CEBD33DC2654CB8700EB2EA8 /* Reachability.xcframework */,
				CEBD33DE2654CB8700EB2EA8 /* Sentry.xcframework */,
				CEBD33D72654CB7800EB2EA8 /* DeviceKit.xcframework */,
				CEBD33D22654CB6A00EB2EA8 /* KeymanEngine.xcframework */,
			);
			name = Frameworks;
			sourceTree = "<group>";
		};
		98ABFD611AD3A09E005534F0 /* Keyboards */ = {
			isa = PBXGroup;
			children = (
				CED2AC8C260B07CF00A408D2 /* ekwtamil99uni.kmp */,
			);
			path = Keyboards;
			sourceTree = "<group>";
		};
		98ABFD8D1AD3A232005534F0 /* SWKeyboard */ = {
			isa = PBXGroup;
			children = (
				CEBEFB91231FB49A00F8F67C /* Sample Banner Images */,
				98ABFDA41AD3A363005534F0 /* SWKeyboard.entitlements */,
				C045148C1F85E33300D88416 /* KeyboardViewController.swift */,
				98ABFD8E1AD3A232005534F0 /* Supporting Files */,
			);
			path = SWKeyboard;
			sourceTree = "<group>";
		};
		98ABFD8E1AD3A232005534F0 /* Supporting Files */ = {
			isa = PBXGroup;
			children = (
				98ABFD8F1AD3A232005534F0 /* Info.plist */,
			);
			name = "Supporting Files";
			sourceTree = "<group>";
		};
		CEBEFB91231FB49A00F8F67C /* Sample Banner Images */ = {
			isa = PBXGroup;
			children = (
				CEBEFB93231FB4DF00F8F67C /* banner-landscape-text.png */,
				CEBEFB92231FB4DF00F8F67C /* banner-portrait-text.png */,
			);
			path = "Sample Banner Images";
			sourceTree = "<group>";
		};
/* End PBXGroup section */

/* Begin PBXNativeTarget section */
		98ABFD361AD3A047005534F0 /* KMSample2 */ = {
			isa = PBXNativeTarget;
			buildConfigurationList = 98ABFD5A1AD3A047005534F0 /* Build configuration list for PBXNativeTarget "KMSample2" */;
			buildPhases = (
				98ABFD331AD3A047005534F0 /* Sources */,
				98ABFD341AD3A047005534F0 /* Frameworks */,
				98ABFD351AD3A047005534F0 /* Resources */,
				98ABFD991AD3A232005534F0 /* Embed App Extensions */,
				C0324B8A1F8726DC00AF3785 /* ShellScript */,
				CEBD33D52654CB6A00EB2EA8 /* Embed Frameworks */,
			);
			buildRules = (
			);
			dependencies = (
				98ABFD941AD3A232005534F0 /* PBXTargetDependency */,
			);
			name = KMSample2;
			productName = KMSample2;
			productReference = 98ABFD371AD3A047005534F0 /* KMSample2.app */;
			productType = "com.apple.product-type.application";
		};
		98ABFD8B1AD3A232005534F0 /* SWKeyboard */ = {
			isa = PBXNativeTarget;
			buildConfigurationList = 98ABFD961AD3A232005534F0 /* Build configuration list for PBXNativeTarget "SWKeyboard" */;
			buildPhases = (
				98ABFD881AD3A232005534F0 /* Sources */,
				98ABFD891AD3A232005534F0 /* Frameworks */,
				98ABFD8A1AD3A232005534F0 /* Resources */,
				C0324B8B1F8726E500AF3785 /* ShellScript */,
				CEDB3278265C953B000A2009 /* Embed Frameworks */,
			);
			buildRules = (
			);
			dependencies = (
			);
			name = SWKeyboard;
			productName = SWKeyboard;
			productReference = 98ABFD8C1AD3A232005534F0 /* SWKeyboard.appex */;
			productType = "com.apple.product-type.app-extension";
		};
/* End PBXNativeTarget section */

/* Begin PBXProject section */
		98ABFD2F1AD3A046005534F0 /* Project object */ = {
			isa = PBXProject;
			attributes = {
				LastUpgradeCheck = 0900;
				ORGANIZATIONNAME = "SIL International";
				TargetAttributes = {
					98ABFD361AD3A047005534F0 = {
						CreatedOnToolsVersion = 6.2;
						LastSwiftMigration = 0900;
						SystemCapabilities = {
							com.apple.ApplicationGroups.iOS = {
								enabled = 1;
							};
						};
					};
					98ABFD8B1AD3A232005534F0 = {
						CreatedOnToolsVersion = 6.2;
						LastSwiftMigration = 0900;
						SystemCapabilities = {
							com.apple.ApplicationGroups.iOS = {
								enabled = 1;
							};
						};
					};
				};
			};
			buildConfigurationList = 98ABFD321AD3A046005534F0 /* Build configuration list for PBXProject "KMSample2" */;
			compatibilityVersion = "Xcode 3.2";
			developmentRegion = English;
			hasScannedForEncodings = 0;
			knownRegions = (
				English,
				en,
				Base,
			);
			mainGroup = 98ABFD2E1AD3A046005534F0;
			productRefGroup = 98ABFD381AD3A047005534F0 /* Products */;
			projectDirPath = "";
			projectRoot = "";
			targets = (
				98ABFD361AD3A047005534F0 /* KMSample2 */,
				98ABFD8B1AD3A232005534F0 /* SWKeyboard */,
			);
		};
/* End PBXProject section */

/* Begin PBXResourcesBuildPhase section */
		98ABFD351AD3A047005534F0 /* Resources */ = {
			isa = PBXResourcesBuildPhase;
			buildActionMask = 2147483647;
			files = (
				98ABFD461AD3A047005534F0 /* Main.storyboard in Resources */,
				98ABFD4B1AD3A047005534F0 /* LaunchScreen.xib in Resources */,
				98ABFD481AD3A047005534F0 /* Images.xcassets in Resources */,
				CED2AC8D260B07CF00A408D2 /* ekwtamil99uni.kmp in Resources */,
			);
			runOnlyForDeploymentPostprocessing = 0;
		};
		98ABFD8A1AD3A232005534F0 /* Resources */ = {
			isa = PBXResourcesBuildPhase;
			buildActionMask = 2147483647;
			files = (
				CEBEFB95231FB4E000F8F67C /* banner-landscape-text.png in Resources */,
				CEBEFB94231FB4E000F8F67C /* banner-portrait-text.png in Resources */,
			);
			runOnlyForDeploymentPostprocessing = 0;
		};
/* End PBXResourcesBuildPhase section */

/* Begin PBXShellScriptBuildPhase section */
		C0324B8A1F8726DC00AF3785 /* ShellScript */ = {
			isa = PBXShellScriptBuildPhase;
			buildActionMask = 2147483647;
			files = (
			);
			inputPaths = (
			);
			outputPaths = (
			);
			runOnlyForDeploymentPostprocessing = 0;
			shellPath = /bin/sh;
			shellScript = "if which swiftlint >/dev/null; then\n    swiftlint --config ../../.swiftlint.yml\nelse\n    echo \"warning: SwiftLint not installed, download from https://github.com/realm/SwiftLint\"\nfi";
		};
		C0324B8B1F8726E500AF3785 /* ShellScript */ = {
			isa = PBXShellScriptBuildPhase;
			buildActionMask = 2147483647;
			files = (
			);
			inputPaths = (
			);
			outputPaths = (
			);
			runOnlyForDeploymentPostprocessing = 0;
			shellPath = /bin/sh;
			shellScript = "if which swiftlint >/dev/null; then\n    swiftlint --config ../../.swiftlint.yml\nelse\n    echo \"warning: SwiftLint not installed, download from https://github.com/realm/SwiftLint\"\nfi\n";
		};
/* End PBXShellScriptBuildPhase section */

/* Begin PBXSourcesBuildPhase section */
		98ABFD331AD3A047005534F0 /* Sources */ = {
			isa = PBXSourcesBuildPhase;
			buildActionMask = 2147483647;
			files = (
				C0324B891F87245B00AF3785 /* ViewController.swift in Sources */,
				C0324B871F87245200AF3785 /* AppDelegate.swift in Sources */,
			);
			runOnlyForDeploymentPostprocessing = 0;
		};
		98ABFD881AD3A232005534F0 /* Sources */ = {
			isa = PBXSourcesBuildPhase;
			buildActionMask = 2147483647;
			files = (
				C045148D1F85E33300D88416 /* KeyboardViewController.swift in Sources */,
			);
			runOnlyForDeploymentPostprocessing = 0;
		};
/* End PBXSourcesBuildPhase section */

/* Begin PBXTargetDependency section */
		98ABFD941AD3A232005534F0 /* PBXTargetDependency */ = {
			isa = PBXTargetDependency;
			target = 98ABFD8B1AD3A232005534F0 /* SWKeyboard */;
			targetProxy = 98ABFD931AD3A232005534F0 /* PBXContainerItemProxy */;
		};
/* End PBXTargetDependency section */

/* Begin PBXVariantGroup section */
		98ABFD441AD3A047005534F0 /* Main.storyboard */ = {
			isa = PBXVariantGroup;
			children = (
				98ABFD451AD3A047005534F0 /* Base */,
			);
			name = Main.storyboard;
			sourceTree = "<group>";
		};
		98ABFD491AD3A047005534F0 /* LaunchScreen.xib */ = {
			isa = PBXVariantGroup;
			children = (
				98ABFD4A1AD3A047005534F0 /* Base */,
			);
			name = LaunchScreen.xib;
			sourceTree = "<group>";
		};
/* End PBXVariantGroup section */

/* Begin XCBuildConfiguration section */
		98ABFD581AD3A047005534F0 /* Debug */ = {
			isa = XCBuildConfiguration;
			buildSettings = {
				ALWAYS_SEARCH_USER_PATHS = NO;
				CLANG_CXX_LANGUAGE_STANDARD = "gnu++0x";
				CLANG_CXX_LIBRARY = "libc++";
				CLANG_ENABLE_MODULES = YES;
				CLANG_ENABLE_OBJC_ARC = YES;
				CLANG_WARN_BLOCK_CAPTURE_AUTORELEASING = YES;
				CLANG_WARN_BOOL_CONVERSION = YES;
				CLANG_WARN_COMMA = YES;
				CLANG_WARN_CONSTANT_CONVERSION = YES;
				CLANG_WARN_DIRECT_OBJC_ISA_USAGE = YES_ERROR;
				CLANG_WARN_EMPTY_BODY = YES;
				CLANG_WARN_ENUM_CONVERSION = YES;
				CLANG_WARN_INFINITE_RECURSION = YES;
				CLANG_WARN_INT_CONVERSION = YES;
				CLANG_WARN_NON_LITERAL_NULL_CONVERSION = YES;
				CLANG_WARN_OBJC_LITERAL_CONVERSION = YES;
				CLANG_WARN_OBJC_ROOT_CLASS = YES_ERROR;
				CLANG_WARN_RANGE_LOOP_ANALYSIS = YES;
				CLANG_WARN_STRICT_PROTOTYPES = YES;
				CLANG_WARN_SUSPICIOUS_MOVE = YES;
				CLANG_WARN_UNREACHABLE_CODE = YES;
				CLANG_WARN__DUPLICATE_METHOD_MATCH = YES;
				"CODE_SIGN_IDENTITY[sdk=iphoneos*]" = "iPhone Developer";
				COPY_PHASE_STRIP = NO;
				ENABLE_BITCODE = NO;
				ENABLE_STRICT_OBJC_MSGSEND = YES;
				ENABLE_TESTABILITY = YES;
				FRAMEWORK_SEARCH_PATHS = (
					"$(PROJECT_DIR)",
					"$(SRCROOT)/../../Carthage/Build/",
				);
				GCC_C_LANGUAGE_STANDARD = gnu99;
				GCC_DYNAMIC_NO_PIC = NO;
				GCC_NO_COMMON_BLOCKS = YES;
				GCC_OPTIMIZATION_LEVEL = 0;
				GCC_PREPROCESSOR_DEFINITIONS = (
					"DEBUG=1",
					"$(inherited)",
				);
				GCC_SYMBOLS_PRIVATE_EXTERN = NO;
				GCC_WARN_64_TO_32_BIT_CONVERSION = YES;
				GCC_WARN_ABOUT_RETURN_TYPE = YES_ERROR;
				GCC_WARN_UNDECLARED_SELECTOR = YES;
				GCC_WARN_UNINITIALIZED_AUTOS = YES_AGGRESSIVE;
				GCC_WARN_UNUSED_FUNCTION = YES;
				GCC_WARN_UNUSED_VARIABLE = YES;
				IPHONEOS_DEPLOYMENT_TARGET = 15.6;
				MTL_ENABLE_DEBUG_INFO = YES;
				ONLY_ACTIVE_ARCH = YES;
				OTHER_LDFLAGS = "";
				SDKROOT = iphoneos;
				TARGETED_DEVICE_FAMILY = "1,2";
			};
			name = Debug;
		};
		98ABFD591AD3A047005534F0 /* Release */ = {
			isa = XCBuildConfiguration;
			buildSettings = {
				ALWAYS_SEARCH_USER_PATHS = NO;
				CLANG_CXX_LANGUAGE_STANDARD = "gnu++0x";
				CLANG_CXX_LIBRARY = "libc++";
				CLANG_ENABLE_MODULES = YES;
				CLANG_ENABLE_OBJC_ARC = YES;
				CLANG_WARN_BLOCK_CAPTURE_AUTORELEASING = YES;
				CLANG_WARN_BOOL_CONVERSION = YES;
				CLANG_WARN_COMMA = YES;
				CLANG_WARN_CONSTANT_CONVERSION = YES;
				CLANG_WARN_DIRECT_OBJC_ISA_USAGE = YES_ERROR;
				CLANG_WARN_EMPTY_BODY = YES;
				CLANG_WARN_ENUM_CONVERSION = YES;
				CLANG_WARN_INFINITE_RECURSION = YES;
				CLANG_WARN_INT_CONVERSION = YES;
				CLANG_WARN_NON_LITERAL_NULL_CONVERSION = YES;
				CLANG_WARN_OBJC_LITERAL_CONVERSION = YES;
				CLANG_WARN_OBJC_ROOT_CLASS = YES_ERROR;
				CLANG_WARN_RANGE_LOOP_ANALYSIS = YES;
				CLANG_WARN_STRICT_PROTOTYPES = YES;
				CLANG_WARN_SUSPICIOUS_MOVE = YES;
				CLANG_WARN_UNREACHABLE_CODE = YES;
				CLANG_WARN__DUPLICATE_METHOD_MATCH = YES;
				"CODE_SIGN_IDENTITY[sdk=iphoneos*]" = "iPhone Developer";
				COPY_PHASE_STRIP = NO;
				ENABLE_BITCODE = NO;
				ENABLE_NS_ASSERTIONS = NO;
				ENABLE_STRICT_OBJC_MSGSEND = YES;
				FRAMEWORK_SEARCH_PATHS = (
					"$(PROJECT_DIR)",
					"$(SRCROOT)/../../Carthage/Build/",
				);
				GCC_C_LANGUAGE_STANDARD = gnu99;
				GCC_NO_COMMON_BLOCKS = YES;
				GCC_WARN_64_TO_32_BIT_CONVERSION = YES;
				GCC_WARN_ABOUT_RETURN_TYPE = YES_ERROR;
				GCC_WARN_UNDECLARED_SELECTOR = YES;
				GCC_WARN_UNINITIALIZED_AUTOS = YES_AGGRESSIVE;
				GCC_WARN_UNUSED_FUNCTION = YES;
				GCC_WARN_UNUSED_VARIABLE = YES;
				IPHONEOS_DEPLOYMENT_TARGET = 15.6;
				MTL_ENABLE_DEBUG_INFO = NO;
				OTHER_LDFLAGS = "";
				SDKROOT = iphoneos;
				SWIFT_COMPILATION_MODE = wholemodule;
				SWIFT_OPTIMIZATION_LEVEL = "-O";
				TARGETED_DEVICE_FAMILY = "1,2";
				VALIDATE_PRODUCT = YES;
			};
			name = Release;
		};
		98ABFD5B1AD3A047005534F0 /* Debug */ = {
			isa = XCBuildConfiguration;
			buildSettings = {
				ALWAYS_EMBED_SWIFT_STANDARD_LIBRARIES = YES;
				ASSETCATALOG_COMPILER_APPICON_NAME = AppIcon;
				CLANG_ENABLE_MODULES = YES;
				CODE_SIGN_ENTITLEMENTS = KMSample2/KMSample2.entitlements;
				CODE_SIGN_IDENTITY = "iPhone Developer";
				"CODE_SIGN_IDENTITY[sdk=iphoneos*]" = "iPhone Developer";
				ENABLE_BITCODE = NO;
				INFOPLIST_FILE = KMSample2/Info.plist;
				IPHONEOS_DEPLOYMENT_TARGET = 15.6;
				LD_RUNPATH_SEARCH_PATHS = (
					"$(inherited)",
					"@executable_path/Frameworks",
				);
				LIBRARY_SEARCH_PATHS = "$(inherited)";
				OTHER_LDFLAGS = "";
				PRODUCT_BUNDLE_IDENTIFIER = org.sil.Keyman.ios.Sample2;
				PRODUCT_NAME = "$(TARGET_NAME)";
				PROVISIONING_PROFILE = "";
				SWIFT_OPTIMIZATION_LEVEL = "-Onone";
				SWIFT_VERSION = 4.0;
			};
			name = Debug;
		};
		98ABFD5C1AD3A047005534F0 /* Release */ = {
			isa = XCBuildConfiguration;
			buildSettings = {
				ALWAYS_EMBED_SWIFT_STANDARD_LIBRARIES = YES;
				ASSETCATALOG_COMPILER_APPICON_NAME = AppIcon;
				CLANG_ENABLE_MODULES = YES;
				CODE_SIGN_ENTITLEMENTS = KMSample2/KMSample2.entitlements;
				CODE_SIGN_IDENTITY = "iPhone Developer";
				"CODE_SIGN_IDENTITY[sdk=iphoneos*]" = "iPhone Developer";
				ENABLE_BITCODE = NO;
				INFOPLIST_FILE = KMSample2/Info.plist;
				IPHONEOS_DEPLOYMENT_TARGET = 15.6;
				LD_RUNPATH_SEARCH_PATHS = (
					"$(inherited)",
					"@executable_path/Frameworks",
				);
				LIBRARY_SEARCH_PATHS = "$(inherited)";
				OTHER_LDFLAGS = "";
				PRODUCT_BUNDLE_IDENTIFIER = org.sil.Keyman.ios.Sample2;
				PRODUCT_NAME = "$(TARGET_NAME)";
				PROVISIONING_PROFILE = "";
				SWIFT_VERSION = 4.0;
			};
			name = Release;
		};
		98ABFD971AD3A232005534F0 /* Debug */ = {
			isa = XCBuildConfiguration;
			buildSettings = {
				CLANG_ENABLE_MODULES = YES;
				CODE_SIGN_ENTITLEMENTS = SWKeyboard/SWKeyboard.entitlements;
				CODE_SIGN_IDENTITY = "iPhone Developer";
				"CODE_SIGN_IDENTITY[sdk=iphoneos*]" = "iPhone Developer";
				ENABLE_BITCODE = NO;
				GCC_PREPROCESSOR_DEFINITIONS = (
					"DEBUG=1",
					"$(inherited)",
				);
				INFOPLIST_FILE = SWKeyboard/Info.plist;
				IPHONEOS_DEPLOYMENT_TARGET = 15.6;
				LD_RUNPATH_SEARCH_PATHS = (
					"$(inherited)",
					"@executable_path/Frameworks",
					"@executable_path/../../Frameworks",
				);
				LIBRARY_SEARCH_PATHS = "$(inherited)";
				PRODUCT_BUNDLE_IDENTIFIER = org.sil.Keyman.ios.Sample2.SystemKeyboard;
				PRODUCT_NAME = "$(TARGET_NAME)";
				PROVISIONING_PROFILE = "";
				SKIP_INSTALL = YES;
				SWIFT_OBJC_BRIDGING_HEADER = "";
				SWIFT_OPTIMIZATION_LEVEL = "-Onone";
				SWIFT_VERSION = 4.0;
			};
			name = Debug;
		};
		98ABFD981AD3A232005534F0 /* Release */ = {
			isa = XCBuildConfiguration;
			buildSettings = {
				CLANG_ENABLE_MODULES = YES;
				CODE_SIGN_ENTITLEMENTS = SWKeyboard/SWKeyboard.entitlements;
				CODE_SIGN_IDENTITY = "iPhone Developer";
				"CODE_SIGN_IDENTITY[sdk=iphoneos*]" = "iPhone Developer";
				ENABLE_BITCODE = NO;
				INFOPLIST_FILE = SWKeyboard/Info.plist;
				IPHONEOS_DEPLOYMENT_TARGET = 15.6;
				LD_RUNPATH_SEARCH_PATHS = (
					"$(inherited)",
					"@executable_path/Frameworks",
					"@executable_path/../../Frameworks",
				);
				LIBRARY_SEARCH_PATHS = "$(inherited)";
				PRODUCT_BUNDLE_IDENTIFIER = org.sil.Keyman.ios.Sample2.SystemKeyboard;
				PRODUCT_NAME = "$(TARGET_NAME)";
				PROVISIONING_PROFILE = "";
				SKIP_INSTALL = YES;
				SWIFT_OBJC_BRIDGING_HEADER = "";
				SWIFT_VERSION = 4.0;
			};
			name = Release;
		};
/* End XCBuildConfiguration section */

/* Begin XCConfigurationList section */
		98ABFD321AD3A046005534F0 /* Build configuration list for PBXProject "KMSample2" */ = {
			isa = XCConfigurationList;
			buildConfigurations = (
				98ABFD581AD3A047005534F0 /* Debug */,
				98ABFD591AD3A047005534F0 /* Release */,
			);
			defaultConfigurationIsVisible = 0;
			defaultConfigurationName = Release;
		};
		98ABFD5A1AD3A047005534F0 /* Build configuration list for PBXNativeTarget "KMSample2" */ = {
			isa = XCConfigurationList;
			buildConfigurations = (
				98ABFD5B1AD3A047005534F0 /* Debug */,
				98ABFD5C1AD3A047005534F0 /* Release */,
			);
			defaultConfigurationIsVisible = 0;
			defaultConfigurationName = Release;
		};
		98ABFD961AD3A232005534F0 /* Build configuration list for PBXNativeTarget "SWKeyboard" */ = {
			isa = XCConfigurationList;
			buildConfigurations = (
				98ABFD971AD3A232005534F0 /* Debug */,
				98ABFD981AD3A232005534F0 /* Release */,
			);
			defaultConfigurationIsVisible = 0;
			defaultConfigurationName = Release;
		};
/* End XCConfigurationList section */
	};
	rootObject = 98ABFD2F1AD3A046005534F0 /* Project object */;
}
