
Microsoft Visual Studio Solution File, Format Version 9.00
# Visual Studio 2005
Project("{2150E333-8FDC-42A3-9474-1A3956D46DE8}") = "Solution Items", "Solution Items", "{61F7EA69-424D-41F9-B734-1EF0661A564C}"
	ProjectSection(SolutionItems) = preProject
		chm.xsl = chm.xsl
		home.xml = home.xml
		index.xml = index.xml
	EndProjectSection
EndProject
Project("{2150E333-8FDC-42A3-9474-1A3956D46DE8}") = "context", "context", "{803201BB-4DA1-4A4C-9D6D-BA6BC19BF9EA}"
	ProjectSection(SolutionItems) = preProject
		context\activate.xml = context\activate.xml
		context\charactermap.xml = context\charactermap.xml
		context\configuration_addins.xml = context\configuration_addins.xml
		context\configuration_hotkeys.xml = context\configuration_hotkeys.xml
		context\configuration_keyboards.xml = context\configuration_keyboards.xml
		context\configuration_languages.xml = context\configuration_languages.xml
		context\configuration_options.xml = context\configuration_options.xml
		context\configuration_support.xml = context\configuration_support.xml
		context\keyman.xml = context\keyman.xml
		context\manualactivate.xml = context\manualactivate.xml
		context\onscreenkeyboard.xml = context\onscreenkeyboard.xml
		context\selectlanguage.xml = context\selectlanguage.xml
		context\splash.xml = context\splash.xml
		context\traymenu.xml = context\traymenu.xml
		context\welcome.xml = context\welcome.xml
	EndProjectSection
EndProject
Project("{2150E333-8FDC-42A3-9474-1A3956D46DE8}") = "guide", "guide", "{773446EB-3B8A-4D7A-848E-A6A643A0F78A}"
	ProjectSection(SolutionItems) = preProject
		guide\changehotkey.xml = guide\changehotkey.xml
		guide\install.xml = guide\install.xml
		guide\install_keyboard.xml = guide\install_keyboard.xml
		guide\keyboard_uninstall.xml = guide\keyboard_uninstall.xml
		guide\keyboard_unload.xml = guide\keyboard_unload.xml
	EndProjectSection
EndProject
Project("{2150E333-8FDC-42A3-9474-1A3956D46DE8}") = "main", "main", "{2C8697CC-0686-48E5-AFB5-E836E96D4FAD}"
	ProjectSection(SolutionItems) = preProject
		main\license.xml = main\license.xml
		main\purchase.xml = main\purchase.xml
		main\welcome.xml = main\welcome.xml
		main\whatsnew.xml = main\whatsnew.xml
	EndProjectSection
EndProject
Project("{2150E333-8FDC-42A3-9474-1A3956D46DE8}") = "ref", "ref", "{D17860DB-EFA1-444B-BE05-5889A338F552}"
	ProjectSection(SolutionItems) = preProject
		ref\systemshadowkeyboards.xml = ref\systemshadowkeyboards.xml
	EndProjectSection
EndProject
Global
	GlobalSection(SolutionProperties) = preSolution
		HideSolutionNode = FALSE
	EndGlobalSection
	GlobalSection(NestedProjects) = preSolution
		{803201BB-4DA1-4A4C-9D6D-BA6BC19BF9EA} = {61F7EA69-424D-41F9-B734-1EF0661A564C}
		{773446EB-3B8A-4D7A-848E-A6A643A0F78A} = {61F7EA69-424D-41F9-B734-1EF0661A564C}
		{2C8697CC-0686-48E5-AFB5-E836E96D4FAD} = {61F7EA69-424D-41F9-B734-1EF0661A564C}
		{D17860DB-EFA1-444B-BE05-5889A338F552} = {61F7EA69-424D-41F9-B734-1EF0661A564C}
	EndGlobalSection
EndGlobal
