
Microsoft Visual Studio Solution File, Format Version 12.00
# Visual Studio Version 17
VisualStudioVersion = 17.14.36616.10 d17.14
MinimumVisualStudioVersion = 10.0.40219.1
Project("{8BC9CEB8-8B4A-11D0-8D11-00A0C91BC942}") = "wow64kbd", "wow64kbd.vcxproj", "{6524CBE6-7AC8-4C31-92D2-F88889E57831}"
EndProject
Global
	GlobalSection(SolutionConfigurationPlatforms) = preSolution
		Debug|ARM64 = Debug|ARM64
		Debug|ARM64EC = Debug|ARM64EC
		Debug|x64 = Debug|x64
		Debug|x86 = Debug|x86
		Release|ARM64 = Release|ARM64
		Release|ARM64EC = Release|ARM64EC
		Release|x64 = Release|x64
		Release|x86 = Release|x86
	EndGlobalSection
	GlobalSection(ProjectConfigurationPlatforms) = postSolution
		{6524CBE6-7AC8-4C31-92D2-F88889E57831}.Debug|ARM64.ActiveCfg = Debug|ARM64
		{6524CBE6-7AC8-4C31-92D2-F88889E57831}.Debug|ARM64.Build.0 = Debug|ARM64
		{6524CBE6-7AC8-4C31-92D2-F88889E57831}.Debug|ARM64EC.ActiveCfg = Debug|ARM64EC
		{6524CBE6-7AC8-4C31-92D2-F88889E57831}.Debug|ARM64EC.Build.0 = Debug|ARM64EC
		{6524CBE6-7AC8-4C31-92D2-F88889E57831}.Debug|x64.ActiveCfg = Debug|x64
		{6524CBE6-7AC8-4C31-92D2-F88889E57831}.Debug|x64.Build.0 = Debug|x64
		{6524CBE6-7AC8-4C31-92D2-F88889E57831}.Debug|x86.ActiveCfg = Debug|Win32
		{6524CBE6-7AC8-4C31-92D2-F88889E57831}.Debug|x86.Build.0 = Debug|Win32
		{6524CBE6-7AC8-4C31-92D2-F88889E57831}.Release|ARM64.ActiveCfg = Release|ARM64
		{6524CBE6-7AC8-4C31-92D2-F88889E57831}.Release|ARM64.Build.0 = Release|ARM64
		{6524CBE6-7AC8-4C31-92D2-F88889E57831}.Release|ARM64EC.ActiveCfg = Release|ARM64EC
		{6524CBE6-7AC8-4C31-92D2-F88889E57831}.Release|ARM64EC.Build.0 = Release|ARM64EC
		{6524CBE6-7AC8-4C31-92D2-F88889E57831}.Release|x64.ActiveCfg = Release|x64
		{6524CBE6-7AC8-4C31-92D2-F88889E57831}.Release|x64.Build.0 = Release|x64
		{6524CBE6-7AC8-4C31-92D2-F88889E57831}.Release|x86.ActiveCfg = Release|Win32
		{6524CBE6-7AC8-4C31-92D2-F88889E57831}.Release|x86.Build.0 = Release|Win32
	EndGlobalSection
	GlobalSection(SolutionProperties) = preSolution
		HideSolutionNode = FALSE
	EndGlobalSection
	GlobalSection(ExtensibilityGlobals) = postSolution
		SolutionGuid = {F6DA4C84-4667-4D0A-BEEC-F4982B976146}
	EndGlobalSection
EndGlobal
