<?xml version="1.0" encoding="utf-8"?>
<Project ToolsVersion="4.0" xmlns="http://schemas.microsoft.com/developer/msbuild/2003">
  <ItemGroup>
    <Filter Include="Source Files">
      <UniqueIdentifier>{912b7d33-74d2-4238-b42d-80f114e2a4ec}</UniqueIdentifier>
      <Extensions>cpp;c;cxx;rc;def;r;odl;hpj;bat;for;f90</Extensions>
    </Filter>
    <Filter Include="Header Files">
      <UniqueIdentifier>{21193729-360c-49b4-a478-816ac8bc68b4}</UniqueIdentifier>
      <Extensions>h;hpp;hxx;hm;inl;fi;fd</Extensions>
    </Filter>
    <Filter Include="Resource Files">
      <UniqueIdentifier>{831595b2-077b-4d34-875e-b09449e18cce}</UniqueIdentifier>
      <Extensions>ico;cur;bmp;dlg;rc2;rct;bin;cnt;rtf;gif;jpg;jpeg;jpe</Extensions>
    </Filter>
  </ItemGroup>
  <ItemGroup>
    <ClCompile Include="..\keyman32\addins.cpp">
      <Filter>Source Files</Filter>
    </ClCompile>
    <ClCompile Include="..\keyman32\appint\aiTIP.cpp">
      <Filter>Source Files</Filter>
    </ClCompile>
    <ClCompile Include="..\keyman32\appint\aiWin2000Unicode.cpp">
      <Filter>Source Files</Filter>
    </ClCompile>
    <ClCompile Include="..\keyman32\appint\appint.cpp">
      <Filter>Source Files</Filter>
    </ClCompile>
    <ClCompile Include="..\keyman32\calldll.cpp">
      <Filter>Source Files</Filter>
    </ClCompile>
    <ClCompile Include="..\keyman32\capsstate.cpp">
      <Filter>Source Files</Filter>
    </ClCompile>
    <ClCompile Include="..\keyman32\glossary.cpp">
      <Filter>Source Files</Filter>
    </ClCompile>
    <ClCompile Include="..\keyman32\K32_DBG.CPP">
      <Filter>Source Files</Filter>
    </ClCompile>
    <ClCompile Include="..\keyman32\k32_globals.cpp">
      <Filter>Source Files</Filter>
    </ClCompile>
    <ClCompile Include="..\keyman32\K32_info.cpp">
      <Filter>Source Files</Filter>
    </ClCompile>
    <ClCompile Include="..\keyman32\K32_load.cpp">
      <Filter>Source Files</Filter>
    </ClCompile>
    <ClCompile Include="..\keyman32\keybd_shift.cpp">
      <Filter>Source Files</Filter>
    </ClCompile>
    <ClCompile Include="..\keyman32\keyboardoptions.cpp">
      <Filter>Source Files</Filter>
    </ClCompile>
    <ClCompile Include="..\keyman32\Keyman32.cpp">
      <Filter>Source Files</Filter>
    </ClCompile>
    <ClCompile Include="..\..\global\vc\keynames.cpp">
      <Filter>Source Files</Filter>
    </ClCompile>
    <ClCompile Include="..\keyman32\keystate.cpp">
      <Filter>Source Files</Filter>
    </ClCompile>
    <ClCompile Include="..\keyman32\kmhook_callwndproc.cpp">
      <Filter>Source Files</Filter>
    </ClCompile>
    <ClCompile Include="..\keyman32\kmhook_getmessage.cpp">
      <Filter>Source Files</Filter>
    </ClCompile>
    <ClCompile Include="..\keyman32\kmprocess.cpp">
      <Filter>Source Files</Filter>
    </ClCompile>
    <ClCompile Include="..\..\global\vc\rc4.cpp">
      <Filter>Source Files</Filter>
    </ClCompile>
    <ClCompile Include="..\..\global\vc\registry.cpp">
      <Filter>Source Files</Filter>
    </ClCompile>
    <ClCompile Include="..\keyman32\selectkeyboard.cpp">
      <Filter>Source Files</Filter>
    </ClCompile>
    <ClCompile Include="..\keyman32\syskbd.cpp">
      <Filter>Source Files</Filter>
    </ClCompile>
    <ClCompile Include="..\keyman32\syskbdnt.cpp">
      <Filter>Source Files</Filter>
    </ClCompile>
    <ClCompile Include="..\..\global\vc\unicode.cpp">
      <Filter>Source Files</Filter>
    </ClCompile>
    <ClCompile Include="..\keyman32\versioninfo.cpp">
      <Filter>Source Files</Filter>
    </ClCompile>
    <ClCompile Include="..\keyman32\VKScanCodes.cpp">
      <Filter>Source Files</Filter>
    </ClCompile>
    <ClCompile Include="..\..\global\vc\xstring.cpp">
      <Filter>Source Files</Filter>
    </ClCompile>
    <ClCompile Include="..\keyman32\preservedkeymap.cpp">
      <Filter>Source Files</Filter>
    </ClCompile>
    <ClCompile Include="..\keyman32\k32_tsf.cpp">
      <Filter>Source Files</Filter>
    </ClCompile>
    <ClCompile Include="..\keyman32\hookutils.cpp">
      <Filter>Source Files</Filter>
    </ClCompile>
  </ItemGroup>
  <ItemGroup>
    <ResourceCompile Include="Keyman64.RC">
      <Filter>Source Files</Filter>
    </ResourceCompile>
  </ItemGroup>
  <ItemGroup>
    <ClInclude Include="..\keyman32\addins.h">
      <Filter>Header Files</Filter>
    </ClInclude>
    <ClInclude Include="..\keyman32\appint\aiTIP.h">
      <Filter>Header Files</Filter>
    </ClInclude>
    <ClInclude Include="..\keyman32\appint\aiWin2000Unicode.h">
      <Filter>Header Files</Filter>
    </ClInclude>
    <ClInclude Include="..\keyman32\appint\appint.h">
      <Filter>Header Files</Filter>
    </ClInclude>
    <ClInclude Include="..\keyman32\calldll.h">
      <Filter>Header Files</Filter>
    </ClInclude>
    <ClInclude Include="..\keyman32\capsstate.h">
      <Filter>Header Files</Filter>
    </ClInclude>
    <ClInclude Include="..\..\global\inc\certificate_check.h">
      <Filter>Header Files</Filter>
    </ClInclude>
    <ClInclude Include="..\..\global\inc\Comperr.h">
      <Filter>Header Files</Filter>
    </ClInclude>
    <ClInclude Include="..\..\global\inc\Compfile.h">
      <Filter>Header Files</Filter>
    </ClInclude>
    <ClInclude Include="..\..\global\inc\Compiler.h">
      <Filter>Header Files</Filter>
    </ClInclude>
    <ClInclude Include="..\..\global\inc\compv4.h">
      <Filter>Header Files</Filter>
    </ClInclude>
    <ClInclude Include="..\..\global\inc\ConvertUTF.h">
      <Filter>Header Files</Filter>
    </ClInclude>
    <ClInclude Include="..\..\global\inc\crc32.h">
      <Filter>Header Files</Filter>
    </ClInclude>
    <ClInclude Include="..\..\global\inc\crypt_guid.h">
      <Filter>Header Files</Filter>
    </ClInclude>
    <ClInclude Include="..\..\global\inc\crypt_user.h">
      <Filter>Header Files</Filter>
    </ClInclude>
    <ClInclude Include="..\..\global\inc\debugstore.h">
      <Filter>Header Files</Filter>
    </ClInclude>
    <ClInclude Include="..\keyman32\globals.h">
      <Filter>Header Files</Filter>
    </ClInclude>
    <ClInclude Include="..\keyman32\hotkeys.h">
      <Filter>Header Files</Filter>
    </ClInclude>
    <ClInclude Include="..\keyman32\k32_res.h">
      <Filter>Header Files</Filter>
    </ClInclude>
    <ClInclude Include="..\keyman32\KBD.H">
      <Filter>Header Files</Filter>
    </ClInclude>
    <ClInclude Include="..\..\global\inc\keyman64.h">
      <Filter>Header Files</Filter>
    </ClInclude>
    <ClInclude Include="..\..\global\inc\keymanapi.h">
      <Filter>Header Files</Filter>
    </ClInclude>
    <ClInclude Include="..\..\global\inc\keymancontrol.h">
      <Filter>Header Files</Filter>
    </ClInclude>
    <ClInclude Include="..\..\global\inc\KEYNAMES.H">
      <Filter>Header Files</Filter>
    </ClInclude>
    <ClInclude Include="..\keyman32\keystate.h">
      <Filter>Header Files</Filter>
    </ClInclude>
    <ClInclude Include="..\..\global\inc\Kl95api.h">
      <Filter>Header Files</Filter>
    </ClInclude>
    <ClInclude Include="..\..\global\inc\Km95api.h">
      <Filter>Header Files</Filter>
    </ClInclude>
    <ClInclude Include="..\..\global\inc\Kmnreg.h">
      <Filter>Header Files</Filter>
    </ClInclude>
    <ClInclude Include="..\keyman32\kmprot.h">
      <Filter>Header Files</Filter>
    </ClInclude>
    <ClInclude Include="..\..\global\inc\kmprot_hwkey.h">
      <Filter>Header Files</Filter>
    </ClInclude>
    <ClInclude Include="..\..\global\inc\kmprot_licencenumber.h">
      <Filter>Header Files</Filter>
    </ClInclude>
    <ClInclude Include="..\..\global\inc\rc4.h">
      <Filter>Header Files</Filter>
    </ClInclude>
    <ClInclude Include="..\..\global\inc\registration.h">
      <Filter>Header Files</Filter>
    </ClInclude>
    <ClInclude Include="..\..\global\inc\registry.h">
      <Filter>Header Files</Filter>
    </ClInclude>
    <ClInclude Include="..\keyman32\syskbd.h">
      <Filter>Header Files</Filter>
    </ClInclude>
    <ClInclude Include="..\..\global\inc\testkeymanfunctioning.h">
      <Filter>Header Files</Filter>
    </ClInclude>
    <ClInclude Include="..\..\global\inc\unicode.h">
      <Filter>Header Files</Filter>
    </ClInclude>
    <ClInclude Include="..\..\global\inc\Vkeys.h">
      <Filter>Header Files</Filter>
    </ClInclude>
    <ClInclude Include="..\keyman32\vkscancodes.h">
      <Filter>Header Files</Filter>
    </ClInclude>
  </ItemGroup>
  <ItemGroup>
    <None Include="..\..\global\res\bmp\arrow.bmp">
      <Filter>Resource Files</Filter>
    </None>
    <None Include="..\..\global\res\bmp\mask.bmp">
      <Filter>Resource Files</Filter>
    </None>
  </ItemGroup>
</Project>