
Microsoft Visual Studio Solution File, Format Version 12.00
# Visual Studio 15
VisualStudioVersion = 15.0.28307.1259
MinimumVisualStudioVersion = 10.0.40219.1
Project("{8BC9CEB8-8B4A-11D0-8D11-00A0C91BC942}") = "kmdecomp", "kmdecomp\kmdecomp.vcxproj", "{963D608A-6689-469C-AE42-F56696DD42CC}"
EndProject
Project("{8BC9CEB8-8B4A-11D0-8D11-00A0C91BC942}") = "kmanalyze", "kmanalyze\kmanalyze.vcxproj", "{4EAE6DFD-E18A-493D-A00F-4846A2593F56}"
EndProject
Project("{8BC9CEB8-8B4A-11D0-8D11-00A0C91BC942}") = "imsample", "samples\imsample\IMSample.vcxproj", "{0C9DB8F9-B788-8782-A97D-4F8294AA0B4E}"
EndProject
Global
	GlobalSection(SolutionConfigurationPlatforms) = preSolution
		Debug|x64 = Debug|x64
		Debug|x86 = Debug|x86
		Release|x64 = Release|x64
		Release|x86 = Release|x86
	EndGlobalSection
	GlobalSection(ProjectConfigurationPlatforms) = postSolution
		{963D608A-6689-469C-AE42-F56696DD42CC}.Debug|x64.ActiveCfg = Debug|Win32
		{963D608A-6689-469C-AE42-F56696DD42CC}.Debug|x86.ActiveCfg = Debug|Win32
		{963D608A-6689-469C-AE42-F56696DD42CC}.Debug|x86.Build.0 = Debug|Win32
		{963D608A-6689-469C-AE42-F56696DD42CC}.Release|x64.ActiveCfg = Release|Win32
		{963D608A-6689-469C-AE42-F56696DD42CC}.Release|x86.ActiveCfg = Release|Win32
		{963D608A-6689-469C-AE42-F56696DD42CC}.Release|x86.Build.0 = Release|Win32
		{4EAE6DFD-E18A-493D-A00F-4846A2593F56}.Debug|x64.ActiveCfg = Debug|x64
		{4EAE6DFD-E18A-493D-A00F-4846A2593F56}.Debug|x64.Build.0 = Debug|x64
		{4EAE6DFD-E18A-493D-A00F-4846A2593F56}.Debug|x86.ActiveCfg = Debug|Win32
		{4EAE6DFD-E18A-493D-A00F-4846A2593F56}.Debug|x86.Build.0 = Debug|Win32
		{4EAE6DFD-E18A-493D-A00F-4846A2593F56}.Release|x64.ActiveCfg = Release|x64
		{4EAE6DFD-E18A-493D-A00F-4846A2593F56}.Release|x64.Build.0 = Release|x64
		{4EAE6DFD-E18A-493D-A00F-4846A2593F56}.Release|x86.ActiveCfg = Release|Win32
		{4EAE6DFD-E18A-493D-A00F-4846A2593F56}.Release|x86.Build.0 = Release|Win32
		{0C9DB8F9-B788-8782-A97D-4F8294AA0B4E}.Debug|x64.ActiveCfg = Debug|Win32
		{0C9DB8F9-B788-8782-A97D-4F8294AA0B4E}.Debug|x86.ActiveCfg = Debug|Win32
		{0C9DB8F9-B788-8782-A97D-4F8294AA0B4E}.Debug|x86.Build.0 = Debug|Win32
		{0C9DB8F9-B788-8782-A97D-4F8294AA0B4E}.Release|x64.ActiveCfg = Release|Win32
		{0C9DB8F9-B788-8782-A97D-4F8294AA0B4E}.Release|x86.ActiveCfg = Release|Win32
		{0C9DB8F9-B788-8782-A97D-4F8294AA0B4E}.Release|x86.Build.0 = Release|Win32
	EndGlobalSection
	GlobalSection(SolutionProperties) = preSolution
		HideSolutionNode = FALSE
	EndGlobalSection
	GlobalSection(ExtensibilityGlobals) = postSolution
		SolutionGuid = {0B0C6DE0-5CB8-44E2-9250-B6218E2F4F7D}
	EndGlobalSection
EndGlobal
