<?xml version="1.0" encoding="utf-8"?>
<Project ToolsVersion="4.0" xmlns="http://schemas.microsoft.com/developer/msbuild/2003">
  <ItemGroup>
    <Filter Include="Header files">
      <UniqueIdentifier>{dd851de3-1698-40e6-9560-0ef4523ddb79}</UniqueIdentifier>
      <Extensions>h</Extensions>
    </Filter>
  </ItemGroup>
  <ItemGroup>
    <ClInclude Include="$(KEYMAN_ROOT)\developer\src\common\include\kmn_compiler_errors.h">
      <Filter>Header files</Filter>
    </ClInclude>
    <ClInclude Include="compfile.h">
      <Filter>Header files</Filter>
    </ClInclude>
    <ClInclude Include="$(KEYMAN_ROOT)\common\windows\cpp\include\legacy_kmx_file.h">
      <Filter>Header files</Filter>
    </ClInclude>
    <ClInclude Include="comprc.h">
      <Filter>Header files</Filter>
    </ClInclude>
    <ClInclude Include="debugstore.h">
      <Filter>Header files</Filter>
    </ClInclude>
    <ClInclude Include="Edition.h">
      <Filter>Header files</Filter>
    </ClInclude>
    <ClInclude Include="NamedCodeConstants.h">
      <Filter>Header files</Filter>
    </ClInclude>
    <ClInclude Include="resource.h">
      <Filter>Header files</Filter>
    </ClInclude>
    <ClInclude Include="virtualcharkeys.h">
      <Filter>Header files</Filter>
    </ClInclude>
    <ClInclude Include="versioning.h">
      <Filter>Header files</Filter>
    </ClInclude>
    <ClInclude Include="kmcmpdll.h">
      <Filter>Header files</Filter>
    </ClInclude>
    <ClInclude Include="DeprecationChecks.h">
      <Filter>Header files</Filter>
    </ClInclude>
    <ClInclude Include="pch.h">
      <Filter>Header files</Filter>
    </ClInclude>
    <ClInclude Include="CharToKeyConversion.h">
      <Filter>Header files</Filter>
    </ClInclude>
    <ClInclude Include="CasedKeys.h">
      <Filter>Header files</Filter>
    </ClInclude>
    <ClInclude Include="CheckNCapsConsistency.h">
      <Filter>Header files</Filter>
    </ClInclude>
    <ClInclude Include="UnreachableRules.h">
      <Filter>Header files</Filter>
    </ClInclude>
    <ClInclude Include="CheckForDuplicates.h">
      <Filter>Header files</Filter>
    </ClInclude>
    <ClInclude Include="CheckFilenameConsistency.h">
      <Filter>Header files</Filter>
    </ClInclude>
    <ClInclude Include="$(KEYMAN_ROOT)\developer\src\ext\json-schema-validator\json-schema.hpp" />
    <ClInclude Include="$(KEYMAN_ROOT)\developer\src\ext\json\json.hpp" />
    <ClInclude Include="$(KEYMAN_ROOT)\common\windows\cpp\include\ConvertUTF.h">
      <Filter>Header files</Filter>
    </ClInclude>
    <ClInclude Include="$(KEYMAN_ROOT)\common\windows\cpp\include\crc32.h">
      <Filter>Header files</Filter>
    </ClInclude>
    <ClInclude Include="$(KEYMAN_ROOT)\common\windows\cpp\include\unicode.h">
      <Filter>Header files</Filter>
    </ClInclude>
    <ClInclude Include="$(KEYMAN_ROOT)\common\windows\cpp\include\vkeys.h">
      <Filter>Header files</Filter>
    </ClInclude>
    <ClInclude Include="$(KEYMAN_ROOT)\developer\src\ext\json-schema-validator\json-schema.hpp">
      <Filter>Header files</Filter>
    </ClInclude>
    <ClInclude Include="$(KEYMAN_ROOT)\developer\src\ext\json\json.hpp">
      <Filter>Header files</Filter>
    </ClInclude>
  </ItemGroup>
  <ItemGroup>
    <ClCompile Include="Compiler.cpp" />
    <ClCompile Include="$(KEYMAN_ROOT)\common\windows\cpp\src\ConvertUTF.c" />
    <ClCompile Include="$(KEYMAN_ROOT)\common\windows\cpp\src\crc32.cpp" />
    <ClCompile Include="Edition.cpp" />
    <ClCompile Include="NamedCodeConstants.cpp" />
    <ClCompile Include="$(KEYMAN_ROOT)\common\windows\cpp\src\registry.cpp" />
    <ClCompile Include="$(KEYMAN_ROOT)\common\windows\cpp\src\unicode.cpp" />
    <ClCompile Include="virtualcharkeys.cpp" />
    <ClCompile Include="$(KEYMAN_ROOT)\common\windows\cpp\src\xstring.cpp" />
    <ClCompile Include="json-validation.cpp" />
    <ClCompile Include="versioning.cpp" />
    <ClCompile Include="DeprecationChecks.cpp" />
    <ClCompile Include="pch.cpp" />
    <ClCompile Include="CasedKeys.cpp" />
    <ClCompile Include="CharToKeyConversion.cpp" />
    <ClCompile Include="CheckNCapsConsistency.cpp" />
    <ClCompile Include="UnreachableRules.cpp" />
    <ClCompile Include="CheckForDuplicates.cpp" />
    <ClCompile Include="CheckFilenameConsistency.cpp" />
    <ClCompile Include="$(KEYMAN_ROOT)\developer\src\ext\json-schema-validator\json-schema-draft4.json.cpp" />
    <ClCompile Include="$(KEYMAN_ROOT)\developer\src\ext\json-schema-validator\json-uri.cpp" />
    <ClCompile Include="$(KEYMAN_ROOT)\developer\src\ext\json-schema-validator\json-validator.cpp" />
    <ClCompile Include="$(KEYMAN_ROOT)\common\windows\cpp\src\vkeys.cpp" />
  </ItemGroup>
  <ItemGroup>
    <ResourceCompile Include="Compiler.rc" />
  </ItemGroup>
  <ItemGroup>
    <None Include="resource" />
  </ItemGroup>
</Project>