{
	"name": "@keymanapp/models-wordbreakers",
	"version": "15.0.62",
	"lockfileVersion": 2,
	"requires": true,
	"packages": {
		"": {
			"name": "@keymanapp/models-wordbreakers",
			"version": "15.0.50",
			"license": "MIT",
			"dependencies": {
				"@types/node": "^14.0.3"
			},
			"devDependencies": {
				"@types/chai": "^4.2.11",
				"@types/mocha": "^7.0.2"
			}
		},
		"node_modules/@types/chai": {
			"version": "4.2.11",
			"resolved": "https://registry.npmjs.org/@types/chai/-/chai-4.2.11.tgz",
			"integrity": "sha512-t7uW6eFafjO+qJ3BIV2gGUyZs27egcNRkUdalkud+Qa3+kg//f129iuOFivHDXQ+vnU3fDXuwgv0cqMCbcE8sw==",
			"dev": true
		},
		"node_modules/@types/mocha": {
			"version": "7.0.2",
			"resolved": "https://registry.npmjs.org/@types/mocha/-/mocha-7.0.2.tgz",
			"integrity": "sha512-ZvO2tAcjmMi8V/5Z3JsyofMe3hasRcaw88cto5etSVMwVQfeivGAlEYmaQgceUSVYFofVjT+ioHsATjdWcFt1w==",
			"dev": true
		},
		"node_modules/@types/node": {
			"version": "14.0.3",
			"resolved": "https://registry.npmjs.org/@types/node/-/node-14.0.3.tgz",
			"integrity": "sha512-a8TR2N5VEJCL9HEJrAfwv3UI1bZq50HydowDDVV6pfnY7ZwG5Pjii+nSDhrDtGW3XKMoVKOgG8zS/Kv5j399uA=="
		}
	},
	"dependencies": {
		"@types/chai": {
			"version": "4.2.11",
			"resolved": "https://registry.npmjs.org/@types/chai/-/chai-4.2.11.tgz",
			"integrity": "sha512-t7uW6eFafjO+qJ3BIV2gGUyZs27egcNRkUdalkud+Qa3+kg//f129iuOFivHDXQ+vnU3fDXuwgv0cqMCbcE8sw==",
			"dev": true
		},
		"@types/mocha": {
			"version": "7.0.2",
			"resolved": "https://registry.npmjs.org/@types/mocha/-/mocha-7.0.2.tgz",
			"integrity": "sha512-ZvO2tAcjmMi8V/5Z3JsyofMe3hasRcaw88cto5etSVMwVQfeivGAlEYmaQgceUSVYFofVjT+ioHsATjdWcFt1w==",
			"dev": true
		},
		"@types/node": {
			"version": "14.0.3",
			"resolved": "https://registry.npmjs.org/@types/node/-/node-14.0.3.tgz",
			"integrity": "sha512-a8TR2N5VEJCL9HEJrAfwv3UI1bZq50HydowDDVV6pfnY7ZwG5Pjii+nSDhrDtGW3XKMoVKOgG8zS/Kv5j399uA=="
		}
	}
}
