PODS:
  - Crashlytics (3.12.0):
    - Fabric (~> 1.9.0)
  - Fabric (1.9.0)

DEPENDENCIES:
  - Crashlytics
  - Fabric

SPEC REPOS:
  https://github.com/cocoapods/specs.git:
    - Crashlytics
    - Fabric

SPEC CHECKSUMS:
  Crashlytics: 07fb167b1694128c1c9a5a5cc319b0e9c3ca0933
  Fabric: f988e33c97f08930a413e08123064d2e5f68d655

PODFILE CHECKSUM: f97fe7081827fd61ed7a61b5a0820d4e0df01dee

COCOAPODS: 1.5.3
