PODS:
  - Sentry (5.2.1):
    - Sentry/Core (= 5.2.1)
  - Sentry/Core (5.2.1)

DEPENDENCIES:
  - Sentry (from `https://github.com/getsentry/sentry-cocoa.git`, tag `5.2.1`)

EXTERNAL SOURCES:
  Sentry:
    :git: https://github.com/getsentry/sentry-cocoa.git
    :tag: 5.2.1

CHECKOUT OPTIONS:
  Sentry:
    :git: https://github.com/getsentry/sentry-cocoa.git
    :tag: 5.2.1

SPEC CHECKSUMS:
  Sentry: 7d075cae43a9a518fdd51e258b6212f0527c51cd

PODFILE CHECKSUM: 521a56f741ba869ecf0fd64a7773173265973269

COCOAPODS: 1.10.0
