{
	"name": "@keymanapp/lexical-model-word-breakers",
	"version": "14.0.75",
	"lockfileVersion": 1,
	"requires": true,
	"dependencies": {
		"typescript": {
			"version": "3.9.2",
			"resolved": "https://registry.npmjs.org/typescript/-/typescript-3.9.2.tgz",
			"integrity": "sha512-q2ktq4n/uLuNNShyayit+DTobV2ApPEo/6so68JaD5ojvc/6GClBipedB9zNWYxRSAlZXAe405Rlijzl6qDiSw=="
		}
	}
}
