{
	"name": "@keymanapp/keyboard-processor",
	"version": "15.0.63",
	"lockfileVersion": 2,
	"requires": true,
	"packages": {
		"": {
			"name": "@keymanapp/keyboard-processor",
			"version": "15.0.50",
			"license": "MIT",
			"dependencies": {
				"@types/node": "^11.9.4"
			}
		},
		"node_modules/@types/node": {
			"version": "11.15.10",
			"resolved": "https://registry.npmjs.org/@types/node/-/node-11.15.10.tgz",
			"integrity": "sha512-FHli7aK/ViA02vbWKmiNejJW4BCJxCVb6macS5gi71fST+UrrdqcES6Lh5rx23hU1QCBeUNXfPquYr9jJv7FuA=="
		}
	},
	"dependencies": {
		"@types/node": {
			"version": "11.15.10",
			"resolved": "https://registry.npmjs.org/@types/node/-/node-11.15.10.tgz",
			"integrity": "sha512-FHli7aK/ViA02vbWKmiNejJW4BCJxCVb6macS5gi71fST+UrrdqcES6Lh5rx23hU1QCBeUNXfPquYr9jJv7FuA=="
		}
	}
}
