{
	"name": "@keymanapp/keyboard-processor",
	"version": "15.0.48",
	"lockfileVersion": 2,
	"requires": true,
	"packages": {
		"": {
			"name": "@keymanapp/keyboard-processor",
			"version": "15.0.48",
			"license": "MIT",
			"dependencies": {
				"@types/node": "^11.9.4"
			},
			"devDependencies": {
				"mocha-teamcity-reporter": "^3.0.0"
			}
		},
		"node_modules/@types/node": {
			"version": "11.15.10",
			"resolved": "https://registry.npmjs.org/@types/node/-/node-11.15.10.tgz",
			"integrity": "sha512-FHli7aK/ViA02vbWKmiNejJW4BCJxCVb6macS5gi71fST+UrrdqcES6Lh5rx23hU1QCBeUNXfPquYr9jJv7FuA=="
		},
		"node_modules/mocha-teamcity-reporter": {
			"version": "3.0.0",
			"resolved": "https://registry.npmjs.org/mocha-teamcity-reporter/-/mocha-teamcity-reporter-3.0.0.tgz",
			"integrity": "sha512-FyGgmtFfW2nDwEZU3mrjQShAAK/zhGivwY4HCsqoDoyeS8vV8HGdq1Dn2P+SFaIoCeXTQ0Z+5xVRyikYaKrW5w==",
			"dev": true,
			"engines": {
				"node": ">=4"
			}
		}
	},
	"dependencies": {
		"@types/node": {
			"version": "11.15.10",
			"resolved": "https://registry.npmjs.org/@types/node/-/node-11.15.10.tgz",
			"integrity": "sha512-FHli7aK/ViA02vbWKmiNejJW4BCJxCVb6macS5gi71fST+UrrdqcES6Lh5rx23hU1QCBeUNXfPquYr9jJv7FuA=="
		},
		"mocha-teamcity-reporter": {
			"version": "3.0.0",
			"resolved": "https://registry.npmjs.org/mocha-teamcity-reporter/-/mocha-teamcity-reporter-3.0.0.tgz",
			"integrity": "sha512-FyGgmtFfW2nDwEZU3mrjQShAAK/zhGivwY4HCsqoDoyeS8vV8HGdq1Dn2P+SFaIoCeXTQ0Z+5xVRyikYaKrW5w==",
			"dev": true
		}
	}
}
