{
  "name": "@keymanapp/web-sentry-manager",
  "version": "14.0.144",
  "lockfileVersion": 1,
  "requires": true,
  "dependencies": {
    "@sentry/browser": {
      "version": "5.15.5",
      "resolved": "https://registry.npmjs.org/@sentry/browser/-/browser-5.15.5.tgz",
      "integrity": "sha512-rqDvjk/EvogfdbZ4TiEpxM/lwpPKmq23z9YKEO4q81+1SwJNua53H60dOk9HpRU8nOJ1g84TMKT2Ov8H7sqDWA==",
      "requires": {
        "@sentry/core": "5.15.5",
        "@sentry/types": "5.15.5",
        "@sentry/utils": "5.15.5",
        "tslib": "^1.9.3"
      }
    },
    "@sentry/core": {
      "version": "5.15.5",
      "resolved": "https://registry.npmjs.org/@sentry/core/-/core-5.15.5.tgz",
      "integrity": "sha512-enxBLv5eibBMqcWyr+vApqeix8uqkfn0iGsD3piKvoMXCgKsrfMwlb/qo9Ox0lKr71qIlZVt+9/A2vZohdgnlg==",
      "requires": {
        "@sentry/hub": "5.15.5",
        "@sentry/minimal": "5.15.5",
        "@sentry/types": "5.15.5",
        "@sentry/utils": "5.15.5",
        "tslib": "^1.9.3"
      }
    },
    "@sentry/hub": {
      "version": "5.15.5",
      "resolved": "https://registry.npmjs.org/@sentry/hub/-/hub-5.15.5.tgz",
      "integrity": "sha512-zX9o49PcNIVMA4BZHe//GkbQ4Jx+nVofqU/Il32/IbwKhcpPlhGX3c1sOVQo4uag3cqd/JuQsk+DML9TKkN0Lw==",
      "requires": {
        "@sentry/types": "5.15.5",
        "@sentry/utils": "5.15.5",
        "tslib": "^1.9.3"
      }
    },
    "@sentry/minimal": {
      "version": "5.15.5",
      "resolved": "https://registry.npmjs.org/@sentry/minimal/-/minimal-5.15.5.tgz",
      "integrity": "sha512-zQkkJ1l9AjmU/Us5IrOTzu7bic4sTPKCatptXvLSTfyKW7N6K9MPIIFeSpZf9o1yM2sRYdK7GV08wS2eCT3JYw==",
      "requires": {
        "@sentry/hub": "5.15.5",
        "@sentry/types": "5.15.5",
        "tslib": "^1.9.3"
      }
    },
    "@sentry/types": {
      "version": "5.15.5",
      "resolved": "https://registry.npmjs.org/@sentry/types/-/types-5.15.5.tgz",
      "integrity": "sha512-F9A5W7ucgQLJUG4LXw1ZIy4iLevrYZzbeZ7GJ09aMlmXH9PqGThm1t5LSZlVpZvUfQ2rYA8NU6BdKJSt7B5LPw=="
    },
    "@sentry/utils": {
      "version": "5.15.5",
      "resolved": "https://registry.npmjs.org/@sentry/utils/-/utils-5.15.5.tgz",
      "integrity": "sha512-Nl9gl/MGnzSkuKeo3QaefoD/OJrFLB8HmwQ7HUbTXb6E7yyEzNKAQMHXGkwNAjbdYyYbd42iABP6Y5F/h39NtA==",
      "requires": {
        "@sentry/types": "5.15.5",
        "tslib": "^1.9.3"
      }
    },
    "tslib": {
      "version": "1.11.1",
      "resolved": "https://registry.npmjs.org/tslib/-/tslib-1.11.1.tgz",
      "integrity": "sha512-aZW88SY8kQbU7gpV19lN24LtXh/yD4ZZg6qieAJDDg+YBsJcSmLGK9QpnUjAKVG/xefmvJGd1WUmfpT/g6AJGA=="
    }
  }
}
