{
  "name": "@keymanapp/web-sentry-manager",
  "version": "14.0.264",
  "lockfileVersion": 1,
  "requires": true,
  "dependencies": {
    "@sentry/browser": {
      "version": "5.27.4",
      "resolved": "https://registry.npmjs.org/@sentry/browser/-/browser-5.27.4.tgz",
      "integrity": "sha512-L8Fsnkl3PIak4zJ1pcGDmV92XTQjS2/H6EBgp1rhuOF4OE3L59K8RR73C9w+wVtsIi7nyfYg/FIe8lvG++3Mow==",
      "requires": {
        "@sentry/core": "5.27.4",
        "@sentry/types": "5.27.4",
        "@sentry/utils": "5.27.4",
        "tslib": "^1.9.3"
      },
      "dependencies": {
        "@sentry/core": {
          "version": "5.27.4",
          "resolved": "https://registry.npmjs.org/@sentry/core/-/core-5.27.4.tgz",
          "integrity": "sha512-IbI37cIZU/qBQouuUXaLbGF/9xYFp5STqmj1Gv64l0IZe4JnEp06V3yD5GxQ/mJ78vSfOqfwLooVCUw9FA61sQ==",
          "requires": {
            "@sentry/hub": "5.27.4",
            "@sentry/minimal": "5.27.4",
            "@sentry/types": "5.27.4",
            "@sentry/utils": "5.27.4",
            "tslib": "^1.9.3"
          }
        },
        "@sentry/hub": {
          "version": "5.27.4",
          "resolved": "https://registry.npmjs.org/@sentry/hub/-/hub-5.27.4.tgz",
          "integrity": "sha512-Ba1AqcjvSd2S+fpdXtXCrVXdrzq9E2Etb2eHUOkEYwSsq7StMOw7E8YHDPAo+to8zUbpMPz/Z9XGhFkyAbImGQ==",
          "requires": {
            "@sentry/types": "5.27.4",
            "@sentry/utils": "5.27.4",
            "tslib": "^1.9.3"
          }
        },
        "@sentry/minimal": {
          "version": "5.27.4",
          "resolved": "https://registry.npmjs.org/@sentry/minimal/-/minimal-5.27.4.tgz",
          "integrity": "sha512-biw5YfIQwvDoaRhLarfeRQ6MJ9UJOoDTmu8Kgg18prJy4rtfDowNJP0OBs5XAsTk6SWAXiE3g7vqUJBXgs7BWA==",
          "requires": {
            "@sentry/hub": "5.27.4",
            "@sentry/types": "5.27.4",
            "tslib": "^1.9.3"
          }
        },
        "@sentry/types": {
          "version": "5.27.4",
          "resolved": "https://registry.npmjs.org/@sentry/types/-/types-5.27.4.tgz",
          "integrity": "sha512-41h3c7tgtSS8UBmfvEckSr+7V7/IVOjt/EiydyOd6s0N18zSFfGY5HdA6g+eFtIJK3DhWkUHCHZNanD5IY5YCQ=="
        },
        "@sentry/utils": {
          "version": "5.27.4",
          "resolved": "https://registry.npmjs.org/@sentry/utils/-/utils-5.27.4.tgz",
          "integrity": "sha512-shV1I/q+Tob3hUxRj11DfMhe9PNDiv85hUUoRloZGGwu275dMwpswb2uwgSmjc2Ao4pnMKVx8TL1hC3kGLVHTQ==",
          "requires": {
            "@sentry/types": "5.27.4",
            "tslib": "^1.9.3"
          }
        },
        "tslib": {
          "version": "1.14.1",
          "resolved": "https://registry.npmjs.org/tslib/-/tslib-1.14.1.tgz",
          "integrity": "sha512-Xni35NKzjgMrwevysHTCArtLDpPvye8zV/0E4EyYn43P7/7qvQwPh9BGkHewbMulVntbigmcT7rdX3BNo9wRJg=="
        }
      }
    }
  }
}
