<Project xmlns="http://schemas.microsoft.com/developer/msbuild/2003">
    <PropertyGroup>
        <ProjectGuid>{E24065B1-9341-4583-A848-28331343F3DD}</ProjectGuid>
        <MainSource>DCPdelphi2009.dpk</MainSource>
        <Base>True</Base>
        <Config Condition="'$(Config)'==''">Debug</Config>
        <TargetedPlatforms>1</TargetedPlatforms>
        <AppType>Package</AppType>
        <FrameworkType>None</FrameworkType>
        <ProjectVersion>18.2</ProjectVersion>
        <Platform Condition="'$(Platform)'==''">Win32</Platform>
    </PropertyGroup>
    <PropertyGroup Condition="'$(Config)'=='Base' or '$(Base)'!=''">
        <Base>true</Base>
    </PropertyGroup>
    <PropertyGroup Condition="('$(Platform)'=='Win32' and '$(Base)'=='true') or '$(Base_Win32)'!=''">
        <Base_Win32>true</Base_Win32>
        <CfgParent>Base</CfgParent>
        <Base>true</Base>
    </PropertyGroup>
    <PropertyGroup Condition="('$(Platform)'=='Win64' and '$(Base)'=='true') or '$(Base_Win64)'!=''">
        <Base_Win64>true</Base_Win64>
        <CfgParent>Base</CfgParent>
        <Base>true</Base>
    </PropertyGroup>
    <PropertyGroup Condition="'$(Config)'=='Release' or '$(Cfg_1)'!=''">
        <Cfg_1>true</Cfg_1>
        <CfgParent>Base</CfgParent>
        <Base>true</Base>
    </PropertyGroup>
    <PropertyGroup Condition="'$(Config)'=='Debug' or '$(Cfg_2)'!=''">
        <Cfg_2>true</Cfg_2>
        <CfgParent>Base</CfgParent>
        <Base>true</Base>
    </PropertyGroup>
    <PropertyGroup Condition="('$(Platform)'=='Win32' and '$(Cfg_2)'=='true') or '$(Cfg_2_Win32)'!=''">
        <Cfg_2_Win32>true</Cfg_2_Win32>
        <CfgParent>Cfg_2</CfgParent>
        <Cfg_2>true</Cfg_2>
        <Base>true</Base>
    </PropertyGroup>
    <PropertyGroup Condition="'$(Base)'!=''">
        <DCC_ImageBase>00400000</DCC_ImageBase>
        <VerInfo_PreRelease>true</VerInfo_PreRelease>
        <DCC_SymbolReferenceInfo>1</DCC_SymbolReferenceInfo>
        <VerInfo_Keys>CompanyName=;FileDescription=DCPcrypt cryptographic component library v2 BETA 3;FileVersion=2.0.0.0;InternalName=DCPcrypt;LegalCopyright=Copyright © 1999-2002 David Barton;LegalTrademarks=;OriginalFilename=;ProductName=DCPcrypt;ProductVersion=2.0.0.0;Comments=Web: http://www.cityinthesky.co.uk/ Email:crypto@cityinthesky.co.uk</VerInfo_Keys>
        <DCC_Namespace>System;Xml;Data;Datasnap;Web;Soap;$(DCC_Namespace)</DCC_Namespace>
        <DCC_Description>DCPcrypt cryptographic component library v2 BETA 3</DCC_Description>
        <VerInfo_IncludeVerInfo>true</VerInfo_IncludeVerInfo>
        <VerInfo_MajorVer>2</VerInfo_MajorVer>
        <DCC_N>true</DCC_N>
        <DCC_K>false</DCC_K>
        <GenDll>true</GenDll>
        <DCC_S>false</DCC_S>
        <VerInfo_Locale>2057</VerInfo_Locale>
        <GenPackage>true</GenPackage>
        <DCC_F>false</DCC_F>
        <DCC_E>false</DCC_E>
        <SanitizedProjectName>DCPdelphi2009</SanitizedProjectName>
    </PropertyGroup>
    <PropertyGroup Condition="'$(Base_Win32)'!=''">
        <Icon_MainIcon>DCPdelphi2009_Icon1.ico</Icon_MainIcon>
        <DCC_Namespace>Winapi;System.Win;Data.Win;Datasnap.Win;Web.Win;Soap.Win;Xml.Win;Bde;$(DCC_Namespace)</DCC_Namespace>
        <VerInfo_IncludeVerInfo>true</VerInfo_IncludeVerInfo>
        <VerInfo_Locale>1033</VerInfo_Locale>
        <VerInfo_Keys>CompanyName=;FileVersion=1.0.0.0;InternalName=;LegalCopyright=;LegalTrademarks=;OriginalFilename=;ProductVersion=1.0.0.0;Comments=;ProgramID=com.embarcadero.$(MSBuildProjectName);FileDescription=$(MSBuildProjectName);ProductName=$(MSBuildProjectName)</VerInfo_Keys>
    </PropertyGroup>
    <PropertyGroup Condition="'$(Base_Win64)'!=''">
        <Icon_MainIcon>DCPdelphi2009_Icon1.ico</Icon_MainIcon>
    </PropertyGroup>
    <PropertyGroup Condition="'$(Cfg_1)'!=''">
        <DCC_LocalDebugSymbols>false</DCC_LocalDebugSymbols>
        <DCC_DebugInformation>0</DCC_DebugInformation>
        <DCC_SymbolReferenceInfo>0</DCC_SymbolReferenceInfo>
        <DCC_Define>RELEASE;$(DCC_Define)</DCC_Define>
    </PropertyGroup>
    <PropertyGroup Condition="'$(Cfg_2)'!=''">
        <DCC_Define>DEBUG;$(DCC_Define)</DCC_Define>
        <DCC_Optimize>false</DCC_Optimize>
        <DCC_GenerateStackFrames>true</DCC_GenerateStackFrames>
    </PropertyGroup>
    <PropertyGroup Condition="'$(Cfg_2_Win32)'!=''">
        <DCC_DcpOutput>..\..\..\lib</DCC_DcpOutput>
        <DCC_BplOutput>..\..\..\lib</DCC_BplOutput>
        <VerInfo_Locale>1033</VerInfo_Locale>
        <VerInfo_Keys>CompanyName=;FileVersion=1.0.0.0;InternalName=;LegalCopyright=;LegalTrademarks=;OriginalFilename=;ProductVersion=1.0.0.0;Comments=;ProgramID=com.embarcadero.$(MSBuildProjectName);FileDescription=$(MSBuildProjectName);ProductName=$(MSBuildProjectName)</VerInfo_Keys>
    </PropertyGroup>
    <ItemGroup>
        <DelphiCompile Include="$(MainSource)">
            <MainSource>MainSource</MainSource>
        </DelphiCompile>
        <DCCReference Include="rtl.dcp"/>
        <DCCReference Include="DCPbase64.pas"/>
        <DCCReference Include="DCPblockciphers.pas"/>
        <DCCReference Include="DCPconst.pas"/>
        <DCCReference Include="DCPcrypt2.pas"/>
        <DCCReference Include="Ciphers\DCPblowfish.pas"/>
        <DCCReference Include="Ciphers\DCPcast128.pas"/>
        <DCCReference Include="Ciphers\DCPcast256.pas"/>
        <DCCReference Include="Ciphers\DCPdes.pas"/>
        <DCCReference Include="Ciphers\DCPgost.pas"/>
        <DCCReference Include="Ciphers\DCPice.pas"/>
        <DCCReference Include="Ciphers\DCPidea.pas"/>
        <DCCReference Include="Ciphers\DCPmars.pas"/>
        <DCCReference Include="Ciphers\DCPmisty1.pas"/>
        <DCCReference Include="Ciphers\DCPrc2.pas"/>
        <DCCReference Include="Ciphers\DCPrc4.pas"/>
        <DCCReference Include="Ciphers\DCPrc5.pas"/>
        <DCCReference Include="Ciphers\DCPrc6.pas"/>
        <DCCReference Include="Ciphers\DCPrijndael.pas"/>
        <DCCReference Include="Ciphers\DCPtea.pas"/>
        <DCCReference Include="Ciphers\DCPtwofish.pas"/>
        <DCCReference Include="Hashes\DCPhaval.pas"/>
        <DCCReference Include="Hashes\DCPmd4.pas"/>
        <DCCReference Include="Hashes\DCPmd5.pas"/>
        <DCCReference Include="Hashes\DCPripemd128.pas"/>
        <DCCReference Include="Hashes\DCPripemd160.pas"/>
        <DCCReference Include="Hashes\DCPsha1.pas"/>
        <DCCReference Include="Hashes\DCPtiger.pas"/>
        <DCCReference Include="DCPreg.pas"/>
        <DCCReference Include="Ciphers\DCPserpent.pas"/>
        <DCCReference Include="Hashes\DCPsha256.pas"/>
        <DCCReference Include="Hashes\DCPsha512.pas"/>
        <BuildConfiguration Include="Debug">
            <Key>Cfg_2</Key>
            <CfgParent>Base</CfgParent>
        </BuildConfiguration>
        <BuildConfiguration Include="Base">
            <Key>Base</Key>
        </BuildConfiguration>
        <BuildConfiguration Include="Release">
            <Key>Cfg_1</Key>
            <CfgParent>Base</CfgParent>
        </BuildConfiguration>
    </ItemGroup>
    <ProjectExtensions>
        <Borland.Personality>Delphi.Personality.12</Borland.Personality>
        <Borland.ProjectType>Package</Borland.ProjectType>
        <BorlandProject>
            <Delphi.Personality>
                <Source>
                    <Source Name="MainSource">DCPdelphi2009.dpk</Source>
                </Source>
                <VersionInfo>
                    <VersionInfo Name="IncludeVerInfo">True</VersionInfo>
                    <VersionInfo Name="AutoIncBuild">False</VersionInfo>
                    <VersionInfo Name="MajorVer">2</VersionInfo>
                    <VersionInfo Name="MinorVer">0</VersionInfo>
                    <VersionInfo Name="Release">0</VersionInfo>
                    <VersionInfo Name="Build">0</VersionInfo>
                    <VersionInfo Name="Debug">False</VersionInfo>
                    <VersionInfo Name="PreRelease">True</VersionInfo>
                    <VersionInfo Name="Special">False</VersionInfo>
                    <VersionInfo Name="Private">False</VersionInfo>
                    <VersionInfo Name="DLL">False</VersionInfo>
                    <VersionInfo Name="Locale">2057</VersionInfo>
                    <VersionInfo Name="CodePage">1252</VersionInfo>
                </VersionInfo>
                <VersionInfoKeys>
                    <VersionInfoKeys Name="CompanyName"/>
                    <VersionInfoKeys Name="FileDescription">DCPcrypt cryptographic component library v2 BETA 3</VersionInfoKeys>
                    <VersionInfoKeys Name="FileVersion">2.0.0.0</VersionInfoKeys>
                    <VersionInfoKeys Name="InternalName">DCPcrypt</VersionInfoKeys>
                    <VersionInfoKeys Name="LegalCopyright">Copyright © 1999-2002 David Barton</VersionInfoKeys>
                    <VersionInfoKeys Name="LegalTrademarks"/>
                    <VersionInfoKeys Name="OriginalFilename"/>
                    <VersionInfoKeys Name="ProductName">DCPcrypt</VersionInfoKeys>
                    <VersionInfoKeys Name="ProductVersion">2.0.0.0</VersionInfoKeys>
                    <VersionInfoKeys Name="Comments">Web: http://www.cityinthesky.co.uk/ Email:crypto@cityinthesky.co.uk</VersionInfoKeys>
                </VersionInfoKeys>
                <Excluded_Packages>
                    <Excluded_Packages Name="c:\keyman\windows\lib\PMemo6DXE2.bpl">File c:\keyman\windows\lib\PMemo6DXE2.bpl not found</Excluded_Packages>
                    <Excluded_Packages Name="c:\keyman\windows\lib\DCPdelphi2009.bpl">File c:\keyman\windows\lib\DCPdelphi2009.bpl not found</Excluded_Packages>
                    <Excluded_Packages Name="c:\keyman\windows\lib\mbColorLibD10.bpl">File c:\keyman\windows\lib\mbColorLibD10.bpl not found</Excluded_Packages>
                    <Excluded_Packages Name="c:\keyman\windows\lib\scFontCombo.bpl">File c:\keyman\windows\lib\scFontCombo.bpl not found</Excluded_Packages>
                    <Excluded_Packages Name="c:\keyman\windows\lib\keyman_components.bpl">File c:\keyman\windows\lib\keyman_components.bpl not found</Excluded_Packages>
                    <Excluded_Packages Name="c:\keyman\windows\lib\JvCoreDesign250.bpl">File c:\keyman\windows\lib\JvCoreDesign250.bpl not found</Excluded_Packages>
                    <Excluded_Packages Name="C:\keyman\windows\lib\JclVcl250.bpl">File C:\keyman\windows\lib\JclVcl250.bpl not found</Excluded_Packages>
                    <Excluded_Packages Name="C:\keyman\windows\lib\Jcl250.bpl">File C:\keyman\windows\lib\Jcl250.bpl not found</Excluded_Packages>
                    <Excluded_Packages Name="C:\keyman\windows\lib\JvCore250.bpl">File C:\keyman\windows\lib\JvCore250.bpl not found</Excluded_Packages>
                    <Excluded_Packages Name="c:\keyman\windows\lib\JvDockingDesign250.bpl">File c:\keyman\windows\lib\JvDockingDesign250.bpl not found</Excluded_Packages>
                    <Excluded_Packages Name="C:\keyman\windows\lib\JvDocking250.bpl">File C:\keyman\windows\lib\JvDocking250.bpl not found</Excluded_Packages>
                    <Excluded_Packages Name="$(BDSBIN)\dcloffice2k250.bpl">Microsoft Office 2000 Sample Automation Server Wrapper Components</Excluded_Packages>
                    <Excluded_Packages Name="$(BDSBIN)\dclofficexp250.bpl">Microsoft Office XP Sample Automation Server Wrapper Components</Excluded_Packages>
                    <Excluded_Packages Name="c:\keyman\windows\lib\JvCoreDesign240.bpl">File c:\keyman\windows\lib\JvCoreDesign240.bpl not found</Excluded_Packages>
                    <Excluded_Packages Name="c:\keyman\windows\lib\JvDockingDesign240.bpl">File c:\keyman\windows\lib\JvDockingDesign240.bpl not found</Excluded_Packages>
                </Excluded_Packages>
            </Delphi.Personality>
            <Platforms>
                <Platform value="Linux64">False</Platform>
                <Platform value="Win32">True</Platform>
                <Platform value="Win64">False</Platform>
            </Platforms>
        </BorlandProject>
        <ProjectFileVersion>12</ProjectFileVersion>
    </ProjectExtensions>
    <Import Condition="Exists('$(BDS)\Bin\CodeGear.Delphi.Targets')" Project="$(BDS)\Bin\CodeGear.Delphi.Targets"/>
    <Import Condition="Exists('$(APPDATA)\Embarcadero\$(BDSAPPDATABASEDIR)\$(PRODUCTVERSION)\UserTools.proj')" Project="$(APPDATA)\Embarcadero\$(BDSAPPDATABASEDIR)\$(PRODUCTVERSION)\UserTools.proj"/>
</Project>
